// !$*UTF8*$!
{
	archiveVersion = 1;
	classes = {
	};
	objectVersion = 60;
	objects = {

/* Begin PBXBuildFile section */
		A04EAC2B2BA441B500C49DC0 /* AgentExecutor.swift in Sources */ = {isa = PBXBuildFile; fileRef = A04EAC2A2BA441B500C49DC0 /* AgentExecutor.swift */; };
		A08CC7552BA373E9007A8248 /* LangChainDemoApp.swift in Sources */ = {isa = PBXBuildFile; fileRef = A08CC7542BA373E9007A8248 /* LangChainDemoApp.swift */; };
		A08CC7572BA373E9007A8248 /* ContentView.swift in Sources */ = {isa = PBXBuildFile; fileRef = A08CC7562BA373E9007A8248 /* ContentView.swift */; };
		A08CC7592BA373EA007A8248 /* Assets.xcassets in Resources */ = {isa = PBXBuildFile; fileRef = A08CC7582BA373EA007A8248 /* Assets.xcassets */; };
		A08CC75C2BA373EA007A8248 /* Preview Assets.xcassets in Resources */ = {isa = PBXBuildFile; fileRef = A08CC75B2BA373EA007A8248 /* Preview Assets.xcassets */; };
		A0D23D862BA718D400CFF615 /* LangGraph in Frameworks */ = {isa = PBXBuildFile; productRef = A0D23D852BA718D400CFF615 /* LangGraph */; };
		A0E162E22BA7187800AC563D /* LangChain in Frameworks */ = {isa = PBXBuildFile; productRef = A0E162E12BA7187800AC563D /* LangChain */; };
/* End PBXBuildFile section */

/* Begin PBXFileReference section */
		A04EAC2A2BA441B500C49DC0 /* AgentExecutor.swift */ = {isa = PBXFileReference; fileEncoding = 4; lastKnownFileType = sourcecode.swift; path = AgentExecutor.swift; sourceTree = "<group>"; };
		A08CC7512BA373E9007A8248 /* LangChainDemo.app */ = {isa = PBXFileReference; explicitFileType = wrapper.application; includeInIndex = 0; path = LangChainDemo.app; sourceTree = BUILT_PRODUCTS_DIR; };
		A08CC7542BA373E9007A8248 /* LangChainDemoApp.swift */ = {isa = PBXFileReference; lastKnownFileType = sourcecode.swift; path = LangChainDemoApp.swift; sourceTree = "<group>"; };
		A08CC7562BA373E9007A8248 /* ContentView.swift */ = {isa = PBXFileReference; lastKnownFileType = sourcecode.swift; path = ContentView.swift; sourceTree = "<group>"; };
		A08CC7582BA373EA007A8248 /* Assets.xcassets */ = {isa = PBXFileReference; lastKnownFileType = folder.assetcatalog; path = Assets.xcassets; sourceTree = "<group>"; };
		A08CC75B2BA373EA007A8248 /* Preview Assets.xcassets */ = {isa = PBXFileReference; lastKnownFileType = folder.assetcatalog; path = "Preview Assets.xcassets"; sourceTree = "<group>"; };
		A08CC7632BA37487007A8248 /* LangGraph-Swift */ = {isa = PBXFileReference; lastKnownFileType = wrapper; name = "LangGraph-Swift"; path = ..; sourceTree = "<group>"; };
/* End PBXFileReference section */

/* Begin PBXFrameworksBuildPhase section */
		A08CC74E2BA373E9007A8248 /* Frameworks */ = {
			isa = PBXFrameworksBuildPhase;
			buildActionMask = 2147483647;
			files = (
				A0E162E22BA7187800AC563D /* LangChain in Frameworks */,
				A0D23D862BA718D400CFF615 /* LangGraph in Frameworks */,
			);
			runOnlyForDeploymentPostprocessing = 0;
		};
/* End PBXFrameworksBuildPhase section */

/* Begin PBXGroup section */
		A08CC7482BA373E9007A8248 = {
			isa = PBXGroup;
			children = (
				A08CC7532BA373E9007A8248 /* LangChainDemo */,
				A08CC7522BA373E9007A8248 /* Products */,
				A08CC7622BA37487007A8248 /* Frameworks */,
			);
			sourceTree = "<group>";
		};
		A08CC7522BA373E9007A8248 /* Products */ = {
			isa = PBXGroup;
			children = (
				A08CC7512BA373E9007A8248 /* LangChainDemo.app */,
			);
			name = Products;
			sourceTree = "<group>";
		};
		A08CC7532BA373E9007A8248 /* LangChainDemo */ = {
			isa = PBXGroup;
			children = (
				A04EAC2A2BA441B500C49DC0 /* AgentExecutor.swift */,
				A08CC7542BA373E9007A8248 /* LangChainDemoApp.swift */,
				A08CC7562BA373E9007A8248 /* ContentView.swift */,
				A08CC7582BA373EA007A8248 /* Assets.xcassets */,
				A08CC75A2BA373EA007A8248 /* Preview Content */,
			);
			path = LangChainDemo;
			sourceTree = "<group>";
		};
		A08CC75A2BA373EA007A8248 /* Preview Content */ = {
			isa = PBXGroup;
			children = (
				A08CC75B2BA373EA007A8248 /* Preview Assets.xcassets */,
			);
			path = "Preview Content";
			sourceTree = "<group>";
		};
		A08CC7622BA37487007A8248 /* Frameworks */ = {
			isa = PBXGroup;
			children = (
				A08CC7632BA37487007A8248 /* LangGraph-Swift */,
			);
			name = Frameworks;
			sourceTree = "<group>";
		};
/* End PBXGroup section */

/* Begin PBXNativeTarget section */
		A08CC7502BA373E9007A8248 /* LangChainDemo */ = {
			isa = PBXNativeTarget;
			buildConfigurationList = A08CC75F2BA373EA007A8248 /* Build configuration list for PBXNativeTarget "LangChainDemo" */;
			buildPhases = (
				A08CC74D2BA373E9007A8248 /* Sources */,
				A08CC74E2BA373E9007A8248 /* Frameworks */,
				A08CC74F2BA373E9007A8248 /* Resources */,
			);
			buildRules = (
			);
			dependencies = (
			);
			name = LangChainDemo;
			packageProductDependencies = (
				A0E162E12BA7187800AC563D /* LangChain */,
				A0D23D852BA718D400CFF615 /* LangGraph */,
			);
			productName = LangChainDemo;
			productReference = A08CC7512BA373E9007A8248 /* LangChainDemo.app */;
			productType = "com.apple.product-type.application";
		};
/* End PBXNativeTarget section */

/* Begin PBXProject section */
		A08CC7492BA373E9007A8248 /* Project object */ = {
			isa = PBXProject;
			attributes = {
				BuildIndependentTargetsInParallel = 1;
				LastSwiftUpdateCheck = 1530;
				LastUpgradeCheck = 1530;
				TargetAttributes = {
					A08CC7502BA373E9007A8248 = {
						CreatedOnToolsVersion = 15.3;
					};
				};
			};
			buildConfigurationList = A08CC74C2BA373E9007A8248 /* Build configuration list for PBXProject "LangChainDemo" */;
			compatibilityVersion = "Xcode 14.0";
			developmentRegion = en;
			hasScannedForEncodings = 0;
			knownRegions = (
				en,
				Base,
			);
			mainGroup = A08CC7482BA373E9007A8248;
			packageReferences = (
				A04EAC2C2BA4572E00C49DC0 /* XCLocalSwiftPackageReference "../../langchain-swift" */,
			);
			productRefGroup = A08CC7522BA373E9007A8248 /* Products */;
			projectDirPath = "";
			projectRoot = "";
			targets = (
				A08CC7502BA373E9007A8248 /* LangChainDemo */,
			);
		};
/* End PBXProject section */

/* Begin PBXResourcesBuildPhase section */
		A08CC74F2BA373E9007A8248 /* Resources */ = {
			isa = PBXResourcesBuildPhase;
			buildActionMask = 2147483647;
			files = (
				A08CC75C2BA373EA007A8248 /* Preview Assets.xcassets in Resources */,
				A08CC7592BA373EA007A8248 /* Assets.xcassets in Resources */,
			);
			runOnlyForDeploymentPostprocessing = 0;
		};
/* End PBXResourcesBuildPhase section */

/* Begin PBXSourcesBuildPhase section */
		A08CC74D2BA373E9007A8248 /* Sources */ = {
			isa = PBXSourcesBuildPhase;
			buildActionMask = 2147483647;
			files = (
				A08CC7572BA373E9007A8248 /* ContentView.swift in Sources */,
				A08CC7552BA373E9007A8248 /* LangChainDemoApp.swift in Sources */,
				A04EAC2B2BA441B500C49DC0 /* AgentExecutor.swift in Sources */,
			);
			runOnlyForDeploymentPostprocessing = 0;
		};
/* End PBXSourcesBuildPhase section */

/* Begin XCBuildConfiguration section */
		A08CC75D2BA373EA007A8248 /* Debug */ = {
			isa = XCBuildConfiguration;
			buildSettings = {
				ALWAYS_SEARCH_USER_PATHS = NO;
				ASSETCATALOG_COMPILER_GENERATE_SWIFT_ASSET_SYMBOL_EXTENSIONS = YES;
				CLANG_ANALYZER_NONNULL = YES;
				CLANG_ANALYZER_NUMBER_OBJECT_CONVERSION = YES_AGGRESSIVE;
				CLANG_CXX_LANGUAGE_STANDARD = "gnu++20";
				CLANG_ENABLE_MODULES = YES;
				CLANG_ENABLE_OBJC_ARC = YES;
				CLANG_ENABLE_OBJC_WEAK = YES;
				CLANG_WARN_BLOCK_CAPTURE_AUTORELEASING = YES;
				CLANG_WARN_BOOL_CONVERSION = YES;
				CLANG_WARN_COMMA = YES;
				CLANG_WARN_CONSTANT_CONVERSION = YES;
				CLANG_WARN_DEPRECATED_OBJC_IMPLEMENTATIONS = YES;
				CLANG_WARN_DIRECT_OBJC_ISA_USAGE = YES_ERROR;
				CLANG_WARN_DOCUMENTATION_COMMENTS = YES;
				CLANG_WARN_EMPTY_BODY = YES;
				CLANG_WARN_ENUM_CONVERSION = YES;
				CLANG_WARN_INFINITE_RECURSION = YES;
				CLANG_WARN_INT_CONVERSION = YES;
				CLANG_WARN_NON_LITERAL_NULL_CONVERSION = YES;
				CLANG_WARN_OBJC_IMPLICIT_RETAIN_SELF = YES;
				CLANG_WARN_OBJC_LITERAL_CONVERSION = YES;
				CLANG_WARN_OBJC_ROOT_CLASS = YES_ERROR;
				CLANG_WARN_QUOTED_INCLUDE_IN_FRAMEWORK_HEADER = YES;
				CLANG_WARN_RANGE_LOOP_ANALYSIS = YES;
				CLANG_WARN_STRICT_PROTOTYPES = YES;
				CLANG_WARN_SUSPICIOUS_MOVE = YES;
				CLANG_WARN_UNGUARDED_AVAILABILITY = YES_AGGRESSIVE;
				CLANG_WARN_UNREACHABLE_CODE = YES;
				CLANG_WARN__DUPLICATE_METHOD_MATCH = YES;
				COPY_PHASE_STRIP = NO;
				DEBUG_INFORMATION_FORMAT = dwarf;
				ENABLE_STRICT_OBJC_MSGSEND = YES;
				ENABLE_TESTABILITY = YES;
				ENABLE_USER_SCRIPT_SANDBOXING = YES;
				GCC_C_LANGUAGE_STANDARD = gnu17;
				GCC_DYNAMIC_NO_PIC = NO;
				GCC_NO_COMMON_BLOCKS = YES;
				GCC_OPTIMIZATION_LEVEL = 0;
				GCC_PREPROCESSOR_DEFINITIONS = (
					"DEBUG=1",
					"$(inherited)",
				);
				GCC_WARN_64_TO_32_BIT_CONVERSION = YES;
				GCC_WARN_ABOUT_RETURN_TYPE = YES_ERROR;
				GCC_WARN_UNDECLARED_SELECTOR = YES;
				GCC_WARN_UNINITIALIZED_AUTOS = YES_AGGRESSIVE;
				GCC_WARN_UNUSED_FUNCTION = YES;
				GCC_WARN_UNUSED_VARIABLE = YES;
				IPHONEOS_DEPLOYMENT_TARGET = 17.4;
				LOCALIZATION_PREFERS_STRING_CATALOGS = YES;
				MTL_ENABLE_DEBUG_INFO = INCLUDE_SOURCE;
				MTL_FAST_MATH = YES;
				ONLY_ACTIVE_ARCH = YES;
				SDKROOT = iphoneos;
				SWIFT_ACTIVE_COMPILATION_CONDITIONS = "DEBUG $(inherited)";
				SWIFT_OPTIMIZATION_LEVEL = "-Onone";
			};
			name = Debug;
		};
		A08CC75E2BA373EA007A8248 /* Release */ = {
			isa = XCBuildConfiguration;
			buildSettings = {
				ALWAYS_SEARCH_USER_PATHS = NO;
				ASSETCATALOG_COMPILER_GENERATE_SWIFT_ASSET_SYMBOL_EXTENSIONS = YES;
				CLANG_ANALYZER_NONNULL = YES;
				CLANG_ANALYZER_NUMBER_OBJECT_CONVERSION = YES_AGGRESSIVE;
				CLANG_CXX_LANGUAGE_STANDARD = "gnu++20";
				CLANG_ENABLE_MODULES = YES;
				CLANG_ENABLE_OBJC_ARC = YES;
				CLANG_ENABLE_OBJC_WEAK = YES;
				CLANG_WARN_BLOCK_CAPTURE_AUTORELEASING = YES;
				CLANG_WARN_BOOL_CONVERSION = YES;
				CLANG_WARN_COMMA = YES;
				CLANG_WARN_CONSTANT_CONVERSION = YES;
				CLANG_WARN_DEPRECATED_OBJC_IMPLEMENTATIONS = YES;
				CLANG_WARN_DIRECT_OBJC_ISA_USAGE = YES_ERROR;
				CLANG_WARN_DOCUMENTATION_COMMENTS = YES;
				CLANG_WARN_EMPTY_BODY = YES;
				CLANG_WARN_ENUM_CONVERSION = YES;
				CLANG_WARN_INFINITE_RECURSION = YES;
				CLANG_WARN_INT_CONVERSION = YES;
				CLANG_WARN_NON_LITERAL_NULL_CONVERSION = YES;
				CLANG_WARN_OBJC_IMPLICIT_RETAIN_SELF = YES;
				CLANG_WARN_OBJC_LITERAL_CONVERSION = YES;
				CLANG_WARN_OBJC_ROOT_CLASS = YES_ERROR;
				CLANG_WARN_QUOTED_INCLUDE_IN_FRAMEWORK_HEADER = YES;
				CLANG_WARN_RANGE_LOOP_ANALYSIS = YES;
				CLANG_WARN_STRICT_PROTOTYPES = YES;
				CLANG_WARN_SUSPICIOUS_MOVE = YES;
				CLANG_WARN_UNGUARDED_AVAILABILITY = YES_AGGRESSIVE;
				CLANG_WARN_UNREACHABLE_CODE = YES;
				CLANG_WARN__DUPLICATE_METHOD_MATCH = YES;
				COPY_PHASE_STRIP = NO;
				DEBUG_INFORMATION_FORMAT = "dwarf-with-dsym";
				ENABLE_NS_ASSERTIONS = NO;
				ENABLE_STRICT_OBJC_MSGSEND = YES;
				ENABLE_USER_SCRIPT_SANDBOXING = YES;
				GCC_C_LANGUAGE_STANDARD = gnu17;
				GCC_NO_COMMON_BLOCKS = YES;
				GCC_WARN_64_TO_32_BIT_CONVERSION = YES;
				GCC_WARN_ABOUT_RETURN_TYPE = YES_ERROR;
				GCC_WARN_UNDECLARED_SELECTOR = YES;
				GCC_WARN_UNINITIALIZED_AUTOS = YES_AGGRESSIVE;
				GCC_WARN_UNUSED_FUNCTION = YES;
				GCC_WARN_UNUSED_VARIABLE = YES;
				IPHONEOS_DEPLOYMENT_TARGET = 17.4;
				LOCALIZATION_PREFERS_STRING_CATALOGS = YES;
				MTL_ENABLE_DEBUG_INFO = NO;
				MTL_FAST_MATH = YES;
				SDKROOT = iphoneos;
				SWIFT_COMPILATION_MODE = wholemodule;
				VALIDATE_PRODUCT = YES;
			};
			name = Release;
		};
		A08CC7602BA373EA007A8248 /* Debug */ = {
			isa = XCBuildConfiguration;
			buildSettings = {
				ASSETCATALOG_COMPILER_APPICON_NAME = AppIcon;
				ASSETCATALOG_COMPILER_GLOBAL_ACCENT_COLOR_NAME = AccentColor;
				CODE_SIGN_STYLE = Automatic;
				CURRENT_PROJECT_VERSION = 1;
				DEVELOPMENT_ASSET_PATHS = "\"LangChainDemo/Preview Content\"";
				DEVELOPMENT_TEAM = 48J595L9BX;
				ENABLE_PREVIEWS = YES;
				GENERATE_INFOPLIST_FILE = YES;
				INFOPLIST_KEY_UIApplicationSceneManifest_Generation = YES;
				INFOPLIST_KEY_UIApplicationSupportsIndirectInputEvents = YES;
				INFOPLIST_KEY_UILaunchScreen_Generation = YES;
				INFOPLIST_KEY_UISupportedInterfaceOrientations_iPad = "UIInterfaceOrientationPortrait UIInterfaceOrientationPortraitUpsideDown UIInterfaceOrientationLandscapeLeft UIInterfaceOrientationLandscapeRight";
				INFOPLIST_KEY_UISupportedInterfaceOrientations_iPhone = "UIInterfaceOrientationPortrait UIInterfaceOrientationLandscapeLeft UIInterfaceOrientationLandscapeRight";
				LD_RUNPATH_SEARCH_PATHS = (
					"$(inherited)",
					"@executable_path/Frameworks",
				);
				MARKETING_VERSION = 1.0;
				PRODUCT_BUNDLE_IDENTIFIER = org.bsc.LangChainDemo;
				PRODUCT_NAME = "$(TARGET_NAME)";
				SWIFT_EMIT_LOC_STRINGS = YES;
				SWIFT_VERSION = 5.0;
				TARGETED_DEVICE_FAMILY = "1,2";
			};
			name = Debug;
		};
		A08CC7612BA373EA007A8248 /* Release */ = {
			isa = XCBuildConfiguration;
			buildSettings = {
				ASSETCATALOG_COMPILER_APPICON_NAME = AppIcon;
				ASSETCATALOG_COMPILER_GLOBAL_ACCENT_COLOR_NAME = AccentColor;
				CODE_SIGN_STYLE = Automatic;
				CURRENT_PROJECT_VERSION = 1;
				DEVELOPMENT_ASSET_PATHS = "\"LangChainDemo/Preview Content\"";
				DEVELOPMENT_TEAM = 48J595L9BX;
				ENABLE_PREVIEWS = YES;
				GENERATE_INFOPLIST_FILE = YES;
				INFOPLIST_KEY_UIApplicationSceneManifest_Generation = YES;
				INFOPLIST_KEY_UIApplicationSupportsIndirectInputEvents = YES;
				INFOPLIST_KEY_UILaunchScreen_Generation = YES;
				INFOPLIST_KEY_UISupportedInterfaceOrientations_iPad = "UIInterfaceOrientationPortrait UIInterfaceOrientationPortraitUpsideDown UIInterfaceOrientationLandscapeLeft UIInterfaceOrientationLandscapeRight";
				INFOPLIST_KEY_UISupportedInterfaceOrientations_iPhone = "UIInterfaceOrientationPortrait UIInterfaceOrientationLandscapeLeft UIInterfaceOrientationLandscapeRight";
				LD_RUNPATH_SEARCH_PATHS = (
					"$(inherited)",
					"@executable_path/Frameworks",
				);
				MARKETING_VERSION = 1.0;
				PRODUCT_BUNDLE_IDENTIFIER = org.bsc.LangChainDemo;
				PRODUCT_NAME = "$(TARGET_NAME)";
				SWIFT_EMIT_LOC_STRINGS = YES;
				SWIFT_VERSION = 5.0;
				TARGETED_DEVICE_FAMILY = "1,2";
			};
			name = Release;
		};
/* End XCBuildConfiguration section */

/* Begin XCConfigurationList section */
		A08CC74C2BA373E9007A8248 /* Build configuration list for PBXProject "LangChainDemo" */ = {
			isa = XCConfigurationList;
			buildConfigurations = (
				A08CC75D2BA373EA007A8248 /* Debug */,
				A08CC75E2BA373EA007A8248 /* Release */,
			);
			defaultConfigurationIsVisible = 0;
			defaultConfigurationName = Release;
		};
		A08CC75F2BA373EA007A8248 /* Build configuration list for PBXNativeTarget "LangChainDemo" */ = {
			isa = XCConfigurationList;
			buildConfigurations = (
				A08CC7602BA373EA007A8248 /* Debug */,
				A08CC7612BA373EA007A8248 /* Release */,
			);
			defaultConfigurationIsVisible = 0;
			defaultConfigurationName = Release;
		};
/* End XCConfigurationList section */

/* Begin XCLocalSwiftPackageReference section */
		A04EAC2C2BA4572E00C49DC0 /* XCLocalSwiftPackageReference "../../langchain-swift" */ = {
			isa = XCLocalSwiftPackageReference;
			relativePath = "../../langchain-swift";
		};
/* End XCLocalSwiftPackageReference section */

/* Begin XCSwiftPackageProductDependency section */
		A0D23D852BA718D400CFF615 /* LangGraph */ = {
			isa = XCSwiftPackageProductDependency;
			productName = LangGraph;
		};
		A0E162E12BA7187800AC563D /* LangChain */ = {
			isa = XCSwiftPackageProductDependency;
			productName = LangChain;
		};
/* End XCSwiftPackageProductDependency section */
	};
	rootObject = A08CC7492BA373E9007A8248 /* Project object */;
}
